
Microsoft Visual Studio Solution File, Format Version 12.00
# Visual Studio 15
VisualStudioVersion = 15.0.28010.2050
MinimumVisualStudioVersion = 10.0.40219.1
Project("{9A19103F-16F7-4668-BE54-9A1E7A4F7556}") = "Nexure.CountService", "Nexure.CountService\Nexure.CountService.csproj", "{7C8AE8A5-9341-4DE7-9A28-E3404B514E55}"
EndProject
Project("{FAE04EC0-301F-11D3-BF4B-00C04F79EFBC}") = "Nexure.CountService.Test", "Nexure.CountService.Test\Nexure.CountService.Test.csproj", "{A65C66EE-0D65-411B-939C-68D701A2D79D}"
EndProject
Global
	GlobalSection(SolutionConfigurationPlatforms) = preSolution
		Debug|Any CPU = Debug|Any CPU
		Release|Any CPU = Release|Any CPU
	EndGlobalSection
	GlobalSection(ProjectConfigurationPlatforms) = postSolution
		{7C8AE8A5-9341-4DE7-9A28-E3404B514E55}.Debug|Any CPU.ActiveCfg = Debug|Any CPU
		{7C8AE8A5-9341-4DE7-9A28-E3404B514E55}.Debug|Any CPU.Build.0 = Debug|Any CPU
		{7C8AE8A5-9341-4DE7-9A28-E3404B514E55}.Release|Any CPU.ActiveCfg = Release|Any CPU
		{7C8AE8A5-9341-4DE7-9A28-E3404B514E55}.Release|Any CPU.Build.0 = Release|Any CPU
		{A65C66EE-0D65-411B-939C-68D701A2D79D}.Debug|Any CPU.ActiveCfg = Debug|Any CPU
		{A65C66EE-0D65-411B-939C-68D701A2D79D}.Debug|Any CPU.Build.0 = Debug|Any CPU
		{A65C66EE-0D65-411B-939C-68D701A2D79D}.Release|Any CPU.ActiveCfg = Release|Any CPU
		{A65C66EE-0D65-411B-939C-68D701A2D79D}.Release|Any CPU.Build.0 = Release|Any CPU
	EndGlobalSection
	GlobalSection(SolutionProperties) = preSolution
		HideSolutionNode = FALSE
	EndGlobalSection
	GlobalSection(ExtensibilityGlobals) = postSolution
		SolutionGuid = {914CA085-0943-4743-9FC0-6A3A8D38110A}
	EndGlobalSection
EndGlobal
